// !$*UTF8*$!
{
	archiveVersion = 1;
	classes = {
	};
	objectVersion = 55;
	objects = {

/* Begin PBXBuildFile section */
		DB13397927946F07003F2269 /* ForecastFormatter.swift in Sources */ = {isa = PBXBuildFile; fileRef = DB13397827946F07003F2269 /* ForecastFormatter.swift */; };
		DB247D0D277B13C500418555 /* ForecastViewController.swift in Sources */ = {isa = PBXBuildFile; fileRef = DB247D0C277B13C500418555 /* ForecastViewController.swift */; };
		DB247D0F277B180400418555 /* ForecastCell.swift in Sources */ = {isa = PBXBuildFile; fileRef = DB247D0E277B180400418555 /* ForecastCell.swift */; };
		DB27BB7D2770B48B00CD7F39 /* Day.swift in Sources */ = {isa = PBXBuildFile; fileRef = DB27BB7C2770B48B00CD7F39 /* Day.swift */; };
		DB80C6D62764B58500F45866 /* AppDelegate.swift in Sources */ = {isa = PBXBuildFile; fileRef = DB80C6D52764B58500F45866 /* AppDelegate.swift */; };
		DB80C6D82764B58500F45866 /* SceneDelegate.swift in Sources */ = {isa = PBXBuildFile; fileRef = DB80C6D72764B58500F45866 /* SceneDelegate.swift */; };
		DB80C6DA2764B58500F45866 /* ViewController.swift in Sources */ = {isa = PBXBuildFile; fileRef = DB80C6D92764B58500F45866 /* ViewController.swift */; };
		DB80C6DD2764B58500F45866 /* Main.storyboard in Resources */ = {isa = PBXBuildFile; fileRef = DB80C6DB2764B58500F45866 /* Main.storyboard */; };
		DB80C6DF2764B58600F45866 /* Assets.xcassets in Resources */ = {isa = PBXBuildFile; fileRef = DB80C6DE2764B58600F45866 /* Assets.xcassets */; };
		DB80C6E22764B58600F45866 /* LaunchScreen.storyboard in Resources */ = {isa = PBXBuildFile; fileRef = DB80C6E02764B58600F45866 /* LaunchScreen.storyboard */; };
		DB8B027727653A7400E8389E /* CurrentDateAndBG.swift in Sources */ = {isa = PBXBuildFile; fileRef = DB8B027627653A7400E8389E /* CurrentDateAndBG.swift */; };
		DBA4B942277884C200BE4E09 /* ForecastNetworking.swift in Sources */ = {isa = PBXBuildFile; fileRef = DBA4B941277884C200BE4E09 /* ForecastNetworking.swift */; };
		DBA4B94427788C5300BE4E09 /* ForecastData.swift in Sources */ = {isa = PBXBuildFile; fileRef = DBA4B94327788C5300BE4E09 /* ForecastData.swift */; };
		DBA4B94627788EAC00BE4E09 /* ForecastModel.swift in Sources */ = {isa = PBXBuildFile; fileRef = DBA4B94527788EAC00BE4E09 /* ForecastModel.swift */; };
		DBA714E9277003060091EF1F /* DayDetailsVC.swift in Sources */ = {isa = PBXBuildFile; fileRef = DBA714E8277003060091EF1F /* DayDetailsVC.swift */; };
		DBD29FE3276B26FD008A28F8 /* WeatherData.swift in Sources */ = {isa = PBXBuildFile; fileRef = DBD29FE2276B26FD008A28F8 /* WeatherData.swift */; };
		DBD29FE5276B2734008A28F8 /* WeatherModel.swift in Sources */ = {isa = PBXBuildFile; fileRef = DBD29FE4276B2734008A28F8 /* WeatherModel.swift */; };
		DBD29FE7276B3159008A28F8 /* WeatherNetworking.swift in Sources */ = {isa = PBXBuildFile; fileRef = DBD29FE6276B3159008A28F8 /* WeatherNetworking.swift */; };
		DBD29FE9276B3247008A28F8 /* AlertController.swift in Sources */ = {isa = PBXBuildFile; fileRef = DBD29FE8276B3247008A28F8 /* AlertController.swift */; };
		DBE6A96E276A8EBA006486CC /* Constants.swift in Sources */ = {isa = PBXBuildFile; fileRef = DBE6A96D276A8EBA006486CC /* Constants.swift */; };
/* End PBXBuildFile section */

/* Begin PBXFileReference section */
		DB13397827946F07003F2269 /* ForecastFormatter.swift */ = {isa = PBXFileReference; lastKnownFileType = sourcecode.swift; path = ForecastFormatter.swift; sourceTree = "<group>"; };
		DB247D0C277B13C500418555 /* ForecastViewController.swift */ = {isa = PBXFileReference; lastKnownFileType = sourcecode.swift; path = ForecastViewController.swift; sourceTree = "<group>"; };
		DB247D0E277B180400418555 /* ForecastCell.swift */ = {isa = PBXFileReference; lastKnownFileType = sourcecode.swift; path = ForecastCell.swift; sourceTree = "<group>"; };
		DB27BB7C2770B48B00CD7F39 /* Day.swift */ = {isa = PBXFileReference; lastKnownFileType = sourcecode.swift; path = Day.swift; sourceTree = "<group>"; };
		DB80C6D22764B58500F45866 /* AnotherWeather.app */ = {isa = PBXFileReference; explicitFileType = wrapper.application; includeInIndex = 0; path = AnotherWeather.app; sourceTree = BUILT_PRODUCTS_DIR; };
		DB80C6D52764B58500F45866 /* AppDelegate.swift */ = {isa = PBXFileReference; lastKnownFileType = sourcecode.swift; path = AppDelegate.swift; sourceTree = "<group>"; };
		DB80C6D72764B58500F45866 /* SceneDelegate.swift */ = {isa = PBXFileReference; lastKnownFileType = sourcecode.swift; path = SceneDelegate.swift; sourceTree = "<group>"; };
		DB80C6D92764B58500F45866 /* ViewController.swift */ = {isa = PBXFileReference; lastKnownFileType = sourcecode.swift; path = ViewController.swift; sourceTree = "<group>"; };
		DB80C6DC2764B58500F45866 /* Base */ = {isa = PBXFileReference; lastKnownFileType = file.storyboard; name = Base; path = Base.lproj/Main.storyboard; sourceTree = "<group>"; };
		DB80C6DE2764B58600F45866 /* Assets.xcassets */ = {isa = PBXFileReference; lastKnownFileType = folder.assetcatalog; path = Assets.xcassets; sourceTree = "<group>"; };
		DB80C6E12764B58600F45866 /* Base */ = {isa = PBXFileReference; lastKnownFileType = file.storyboard; name = Base; path = Base.lproj/LaunchScreen.storyboard; sourceTree = "<group>"; };
		DB80C6E32764B58600F45866 /* Info.plist */ = {isa = PBXFileReference; lastKnownFileType = text.plist.xml; path = Info.plist; sourceTree = "<group>"; };
		DB8B027627653A7400E8389E /* CurrentDateAndBG.swift */ = {isa = PBXFileReference; lastKnownFileType = sourcecode.swift; path = CurrentDateAndBG.swift; sourceTree = "<group>"; };
		DBA4B941277884C200BE4E09 /* ForecastNetworking.swift */ = {isa = PBXFileReference; lastKnownFileType = sourcecode.swift; path = ForecastNetworking.swift; sourceTree = "<group>"; };
		DBA4B94327788C5300BE4E09 /* ForecastData.swift */ = {isa = PBXFileReference; lastKnownFileType = sourcecode.swift; path = ForecastData.swift; sourceTree = "<group>"; };
		DBA4B94527788EAC00BE4E09 /* ForecastModel.swift */ = {isa = PBXFileReference; lastKnownFileType = sourcecode.swift; path = ForecastModel.swift; sourceTree = "<group>"; };
		DBA714E8277003060091EF1F /* DayDetailsVC.swift */ = {isa = PBXFileReference; lastKnownFileType = sourcecode.swift; path = DayDetailsVC.swift; sourceTree = "<group>"; };
		DBD29FE2276B26FD008A28F8 /* WeatherData.swift */ = {isa = PBXFileReference; lastKnownFileType = sourcecode.swift; path = WeatherData.swift; sourceTree = "<group>"; };
		DBD29FE4276B2734008A28F8 /* WeatherModel.swift */ = {isa = PBXFileReference; lastKnownFileType = sourcecode.swift; path = WeatherModel.swift; sourceTree = "<group>"; };
		DBD29FE6276B3159008A28F8 /* WeatherNetworking.swift */ = {isa = PBXFileReference; lastKnownFileType = sourcecode.swift; path = WeatherNetworking.swift; sourceTree = "<group>"; };
		DBD29FE8276B3247008A28F8 /* AlertController.swift */ = {isa = PBXFileReference; lastKnownFileType = sourcecode.swift; path = AlertController.swift; sourceTree = "<group>"; };
		DBE6A96D276A8EBA006486CC /* Constants.swift */ = {isa = PBXFileReference; lastKnownFileType = sourcecode.swift; path = Constants.swift; sourceTree = "<group>"; };
/* End PBXFileReference section */

/* Begin PBXFrameworksBuildPhase section */
		DB80C6CF2764B58500F45866 /* Frameworks */ = {
			isa = PBXFrameworksBuildPhase;
			buildActionMask = 2147483647;
			files = (
			);
			runOnlyForDeploymentPostprocessing = 0;
		};
/* End PBXFrameworksBuildPhase section */

/* Begin PBXGroup section */
		DB80C6C92764B58500F45866 = {
			isa = PBXGroup;
			children = (
				DB80C6D42764B58500F45866 /* AnotherWeather */,
				DB80C6D32764B58500F45866 /* Products */,
			);
			sourceTree = "<group>";
		};
		DB80C6D32764B58500F45866 /* Products */ = {
			isa = PBXGroup;
			children = (
				DB80C6D22764B58500F45866 /* AnotherWeather.app */,
			);
			name = Products;
			sourceTree = "<group>";
		};
		DB80C6D42764B58500F45866 /* AnotherWeather */ = {
			isa = PBXGroup;
			children = (
				DB80C6D52764B58500F45866 /* AppDelegate.swift */,
				DB80C6D72764B58500F45866 /* SceneDelegate.swift */,
				DBA714E8277003060091EF1F /* DayDetailsVC.swift */,
				DB80C6D92764B58500F45866 /* ViewController.swift */,
				DB247D0C277B13C500418555 /* ForecastViewController.swift */,
				DB247D0E277B180400418555 /* ForecastCell.swift */,
				DB8B027627653A7400E8389E /* CurrentDateAndBG.swift */,
				DBE6A96D276A8EBA006486CC /* Constants.swift */,
				DBD29FE2276B26FD008A28F8 /* WeatherData.swift */,
				DBD29FE4276B2734008A28F8 /* WeatherModel.swift */,
				DBD29FE6276B3159008A28F8 /* WeatherNetworking.swift */,
				DB27BB7C2770B48B00CD7F39 /* Day.swift */,
				DB13397827946F07003F2269 /* ForecastFormatter.swift */,
				DBA4B94327788C5300BE4E09 /* ForecastData.swift */,
				DBA4B94527788EAC00BE4E09 /* ForecastModel.swift */,
				DBA4B941277884C200BE4E09 /* ForecastNetworking.swift */,
				DBD29FE8276B3247008A28F8 /* AlertController.swift */,
				DB80C6DB2764B58500F45866 /* Main.storyboard */,
				DB80C6DE2764B58600F45866 /* Assets.xcassets */,
				DB80C6E02764B58600F45866 /* LaunchScreen.storyboard */,
				DB80C6E32764B58600F45866 /* Info.plist */,
			);
			path = AnotherWeather;
			sourceTree = "<group>";
		};
/* End PBXGroup section */

/* Begin PBXNativeTarget section */
		DB80C6D12764B58500F45866 /* AnotherWeather */ = {
			isa = PBXNativeTarget;
			buildConfigurationList = DB80C6E62764B58600F45866 /* Build configuration list for PBXNativeTarget "AnotherWeather" */;
			buildPhases = (
				DB80C6CE2764B58500F45866 /* Sources */,
				DB80C6CF2764B58500F45866 /* Frameworks */,
				DB80C6D02764B58500F45866 /* Resources */,
			);
			buildRules = (
			);
			dependencies = (
			);
			name = AnotherWeather;
			productName = AnotherWeather;
			productReference = DB80C6D22764B58500F45866 /* AnotherWeather.app */;
			productType = "com.apple.product-type.application";
		};
/* End PBXNativeTarget section */

/* Begin PBXProject section */
		DB80C6CA2764B58500F45866 /* Project object */ = {
			isa = PBXProject;
			attributes = {
				BuildIndependentTargetsInParallel = 1;
				LastSwiftUpdateCheck = 1310;
				LastUpgradeCheck = 1310;
				TargetAttributes = {
					DB80C6D12764B58500F45866 = {
						CreatedOnToolsVersion = 13.1;
					};
				};
			};
			buildConfigurationList = DB80C6CD2764B58500F45866 /* Build configuration list for PBXProject "AnotherWeather" */;
			compatibilityVersion = "Xcode 13.0";
			developmentRegion = en;
			hasScannedForEncodings = 0;
			knownRegions = (
				en,
				Base,
			);
			mainGroup = DB80C6C92764B58500F45866;
			productRefGroup = DB80C6D32764B58500F45866 /* Products */;
			projectDirPath = "";
			projectRoot = "";
			targets = (
				DB80C6D12764B58500F45866 /* AnotherWeather */,
			);
		};
/* End PBXProject section */

/* Begin PBXResourcesBuildPhase section */
		DB80C6D02764B58500F45866 /* Resources */ = {
			isa = PBXResourcesBuildPhase;
			buildActionMask = 2147483647;
			files = (
				DB80C6E22764B58600F45866 /* LaunchScreen.storyboard in Resources */,
				DB80C6DF2764B58600F45866 /* Assets.xcassets in Resources */,
				DB80C6DD2764B58500F45866 /* Main.storyboard in Resources */,
			);
			runOnlyForDeploymentPostprocessing = 0;
		};
/* End PBXResourcesBuildPhase section */

/* Begin PBXSourcesBuildPhase section */
		DB80C6CE2764B58500F45866 /* Sources */ = {
			isa = PBXSourcesBuildPhase;
			buildActionMask = 2147483647;
			files = (
				DBE6A96E276A8EBA006486CC /* Constants.swift in Sources */,
				DBD29FE9276B3247008A28F8 /* AlertController.swift in Sources */,
				DB247D0D277B13C500418555 /* ForecastViewController.swift in Sources */,
				DBA4B94427788C5300BE4E09 /* ForecastData.swift in Sources */,
				DB13397927946F07003F2269 /* ForecastFormatter.swift in Sources */,
				DB247D0F277B180400418555 /* ForecastCell.swift in Sources */,
				DB80C6DA2764B58500F45866 /* ViewController.swift in Sources */,
				DBD29FE7276B3159008A28F8 /* WeatherNetworking.swift in Sources */,
				DB27BB7D2770B48B00CD7F39 /* Day.swift in Sources */,
				DBA4B94627788EAC00BE4E09 /* ForecastModel.swift in Sources */,
				DB8B027727653A7400E8389E /* CurrentDateAndBG.swift in Sources */,
				DBD29FE5276B2734008A28F8 /* WeatherModel.swift in Sources */,
				DBA714E9277003060091EF1F /* DayDetailsVC.swift in Sources */,
				DB80C6D62764B58500F45866 /* AppDelegate.swift in Sources */,
				DBD29FE3276B26FD008A28F8 /* WeatherData.swift in Sources */,
				DBA4B942277884C200BE4E09 /* ForecastNetworking.swift in Sources */,
				DB80C6D82764B58500F45866 /* SceneDelegate.swift in Sources */,
			);
			runOnlyForDeploymentPostprocessing = 0;
		};
/* End PBXSourcesBuildPhase section */

/* Begin PBXVariantGroup section */
		DB80C6DB2764B58500F45866 /* Main.storyboard */ = {
			isa = PBXVariantGroup;
			children = (
				DB80C6DC2764B58500F45866 /* Base */,
			);
			name = Main.storyboard;
			sourceTree = "<group>";
		};
		DB80C6E02764B58600F45866 /* LaunchScreen.storyboard */ = {
			isa = PBXVariantGroup;
			children = (
				DB80C6E12764B58600F45866 /* Base */,
			);
			name = LaunchScreen.storyboard;
			sourceTree = "<group>";
		};
/* End PBXVariantGroup section */

/* Begin XCBuildConfiguration section */
		DB80C6E42764B58600F45866 /* Debug */ = {
			isa = XCBuildConfiguration;
			buildSettings = {
				ALWAYS_SEARCH_USER_PATHS = NO;
				CLANG_ANALYZER_NONNULL = YES;
				CLANG_ANALYZER_NUMBER_OBJECT_CONVERSION = YES_AGGRESSIVE;
				CLANG_CXX_LANGUAGE_STANDARD = "gnu++17";
				CLANG_CXX_LIBRARY = "libc++";
				CLANG_ENABLE_MODULES = YES;
				CLANG_ENABLE_OBJC_ARC = YES;
				CLANG_ENABLE_OBJC_WEAK = YES;
				CLANG_WARN_BLOCK_CAPTURE_AUTORELEASING = YES;
				CLANG_WARN_BOOL_CONVERSION = YES;
				CLANG_WARN_COMMA = YES;
				CLANG_WARN_CONSTANT_CONVERSION = YES;
				CLANG_WARN_DEPRECATED_OBJC_IMPLEMENTATIONS = YES;
				CLANG_WARN_DIRECT_OBJC_ISA_USAGE = YES_ERROR;
				CLANG_WARN_DOCUMENTATION_COMMENTS = YES;
				CLANG_WARN_EMPTY_BODY = YES;
				CLANG_WARN_ENUM_CONVERSION = YES;
				CLANG_WARN_INFINITE_RECURSION = YES;
				CLANG_WARN_INT_CONVERSION = YES;
				CLANG_WARN_NON_LITERAL_NULL_CONVERSION = YES;
				CLANG_WARN_OBJC_IMPLICIT_RETAIN_SELF = YES;
				CLANG_WARN_OBJC_LITERAL_CONVERSION = YES;
				CLANG_WARN_OBJC_ROOT_CLASS = YES_ERROR;
				CLANG_WARN_QUOTED_INCLUDE_IN_FRAMEWORK_HEADER = YES;
				CLANG_WARN_RANGE_LOOP_ANALYSIS = YES;
				CLANG_WARN_STRICT_PROTOTYPES = YES;
				CLANG_WARN_SUSPICIOUS_MOVE = YES;
				CLANG_WARN_UNGUARDED_AVAILABILITY = YES_AGGRESSIVE;
				CLANG_WARN_UNREACHABLE_CODE = YES;
				CLANG_WARN__DUPLICATE_METHOD_MATCH = YES;
				COPY_PHASE_STRIP = NO;
				DEBUG_INFORMATION_FORMAT = dwarf;
				ENABLE_STRICT_OBJC_MSGSEND = YES;
				ENABLE_TESTABILITY = YES;
				GCC_C_LANGUAGE_STANDARD = gnu11;
				GCC_DYNAMIC_NO_PIC = NO;
				GCC_NO_COMMON_BLOCKS = YES;
				GCC_OPTIMIZATION_LEVEL = 0;
				GCC_PREPROCESSOR_DEFINITIONS = (
					"DEBUG=1",
					"$(inherited)",
				);
				GCC_WARN_64_TO_32_BIT_CONVERSION = YES;
				GCC_WARN_ABOUT_RETURN_TYPE = YES_ERROR;
				GCC_WARN_UNDECLARED_SELECTOR = YES;
				GCC_WARN_UNINITIALIZED_AUTOS = YES_AGGRESSIVE;
				GCC_WARN_UNUSED_FUNCTION = YES;
				GCC_WARN_UNUSED_VARIABLE = YES;
				IPHONEOS_DEPLOYMENT_TARGET = 15.0;
				MTL_ENABLE_DEBUG_INFO = INCLUDE_SOURCE;
				MTL_FAST_MATH = YES;
				ONLY_ACTIVE_ARCH = YES;
				SDKROOT = iphoneos;
				SWIFT_ACTIVE_COMPILATION_CONDITIONS = DEBUG;
				SWIFT_OPTIMIZATION_LEVEL = "-Onone";
			};
			name = Debug;
		};
		DB80C6E52764B58600F45866 /* Release */ = {
			isa = XCBuildConfiguration;
			buildSettings = {
				ALWAYS_SEARCH_USER_PATHS = NO;
				CLANG_ANALYZER_NONNULL = YES;
				CLANG_ANALYZER_NUMBER_OBJECT_CONVERSION = YES_AGGRESSIVE;
				CLANG_CXX_LANGUAGE_STANDARD = "gnu++17";
				CLANG_CXX_LIBRARY = "libc++";
				CLANG_ENABLE_MODULES = YES;
				CLANG_ENABLE_OBJC_ARC = YES;
				CLANG_ENABLE_OBJC_WEAK = YES;
				CLANG_WARN_BLOCK_CAPTURE_AUTORELEASING = YES;
				CLANG_WARN_BOOL_CONVERSION = YES;
				CLANG_WARN_COMMA = YES;
				CLANG_WARN_CONSTANT_CONVERSION = YES;
				CLANG_WARN_DEPRECATED_OBJC_IMPLEMENTATIONS = YES;
				CLANG_WARN_DIRECT_OBJC_ISA_USAGE = YES_ERROR;
				CLANG_WARN_DOCUMENTATION_COMMENTS = YES;
				CLANG_WARN_EMPTY_BODY = YES;
				CLANG_WARN_ENUM_CONVERSION = YES;
				CLANG_WARN_INFINITE_RECURSION = YES;
				CLANG_WARN_INT_CONVERSION = YES;
				CLANG_WARN_NON_LITERAL_NULL_CONVERSION = YES;
				CLANG_WARN_OBJC_IMPLICIT_RETAIN_SELF = YES;
				CLANG_WARN_OBJC_LITERAL_CONVERSION = YES;
				CLANG_WARN_OBJC_ROOT_CLASS = YES_ERROR;
				CLANG_WARN_QUOTED_INCLUDE_IN_FRAMEWORK_HEADER = YES;
				CLANG_WARN_RANGE_LOOP_ANALYSIS = YES;
				CLANG_WARN_STRICT_PROTOTYPES = YES;
				CLANG_WARN_SUSPICIOUS_MOVE = YES;
				CLANG_WARN_UNGUARDED_AVAILABILITY = YES_AGGRESSIVE;
				CLANG_WARN_UNREACHABLE_CODE = YES;
				CLANG_WARN__DUPLICATE_METHOD_MATCH = YES;
				COPY_PHASE_STRIP = NO;
				DEBUG_INFORMATION_FORMAT = "dwarf-with-dsym";
				ENABLE_NS_ASSERTIONS = NO;
				ENABLE_STRICT_OBJC_MSGSEND = YES;
				GCC_C_LANGUAGE_STANDARD = gnu11;
				GCC_NO_COMMON_BLOCKS = YES;
				GCC_WARN_64_TO_32_BIT_CONVERSION = YES;
				GCC_WARN_ABOUT_RETURN_TYPE = YES_ERROR;
				GCC_WARN_UNDECLARED_SELECTOR = YES;
				GCC_WARN_UNINITIALIZED_AUTOS = YES_AGGRESSIVE;
				GCC_WARN_UNUSED_FUNCTION = YES;
				GCC_WARN_UNUSED_VARIABLE = YES;
				IPHONEOS_DEPLOYMENT_TARGET = 15.0;
				MTL_ENABLE_DEBUG_INFO = NO;
				MTL_FAST_MATH = YES;
				SDKROOT = iphoneos;
				SWIFT_COMPILATION_MODE = wholemodule;
				SWIFT_OPTIMIZATION_LEVEL = "-O";
				VALIDATE_PRODUCT = YES;
			};
			name = Release;
		};
		DB80C6E72764B58600F45866 /* Debug */ = {
			isa = XCBuildConfiguration;
			buildSettings = {
				ASSETCATALOG_COMPILER_APPICON_NAME = AppIcon;
				ASSETCATALOG_COMPILER_GLOBAL_ACCENT_COLOR_NAME = AccentColor;
				CODE_SIGN_STYLE = Automatic;
				CURRENT_PROJECT_VERSION = 1;
				DEVELOPMENT_TEAM = 9S99F66S38;
				GENERATE_INFOPLIST_FILE = YES;
				INFOPLIST_FILE = AnotherWeather/Info.plist;
				INFOPLIST_KEY_UIApplicationSupportsIndirectInputEvents = YES;
				INFOPLIST_KEY_UILaunchStoryboardName = LaunchScreen;
				INFOPLIST_KEY_UIMainStoryboardFile = Main;
				INFOPLIST_KEY_UISupportedInterfaceOrientations = UIInterfaceOrientationPortrait;
				INFOPLIST_KEY_UISupportedInterfaceOrientations_iPad = "UIInterfaceOrientationPortrait UIInterfaceOrientationPortraitUpsideDown UIInterfaceOrientationLandscapeLeft UIInterfaceOrientationLandscapeRight";
				INFOPLIST_KEY_UISupportedInterfaceOrientations_iPhone = "UIInterfaceOrientationPortrait UIInterfaceOrientationLandscapeLeft UIInterfaceOrientationLandscapeRight";
				LD_RUNPATH_SEARCH_PATHS = (
					"$(inherited)",
					"@executable_path/Frameworks",
				);
				MARKETING_VERSION = 1.0;
				PRODUCT_BUNDLE_IDENTIFIER = NikitaZyuzin.AnotherWeather;
				PRODUCT_NAME = "$(TARGET_NAME)";
				SWIFT_EMIT_LOC_STRINGS = YES;
				SWIFT_VERSION = 5.0;
				TARGETED_DEVICE_FAMILY = "1,2";
			};
			name = Debug;
		};
		DB80C6E82764B58600F45866 /* Release */ = {
			isa = XCBuildConfiguration;
			buildSettings = {
				ASSETCATALOG_COMPILER_APPICON_NAME = AppIcon;
				ASSETCATALOG_COMPILER_GLOBAL_ACCENT_COLOR_NAME = AccentColor;
				CODE_SIGN_STYLE = Automatic;
				CURRENT_PROJECT_VERSION = 1;
				DEVELOPMENT_TEAM = 9S99F66S38;
				GENERATE_INFOPLIST_FILE = YES;
				INFOPLIST_FILE = AnotherWeather/Info.plist;
				INFOPLIST_KEY_UIApplicationSupportsIndirectInputEvents = YES;
				INFOPLIST_KEY_UILaunchStoryboardName = LaunchScreen;
				INFOPLIST_KEY_UIMainStoryboardFile = Main;
				INFOPLIST_KEY_UISupportedInterfaceOrientations = UIInterfaceOrientationPortrait;
				INFOPLIST_KEY_UISupportedInterfaceOrientations_iPad = "UIInterfaceOrientationPortrait UIInterfaceOrientationPortraitUpsideDown UIInterfaceOrientationLandscapeLeft UIInterfaceOrientationLandscapeRight";
				INFOPLIST_KEY_UISupportedInterfaceOrientations_iPhone = "UIInterfaceOrientationPortrait UIInterfaceOrientationLandscapeLeft UIInterfaceOrientationLandscapeRight";
				LD_RUNPATH_SEARCH_PATHS = (
					"$(inherited)",
					"@executable_path/Frameworks",
				);
				MARKETING_VERSION = 1.0;
				PRODUCT_BUNDLE_IDENTIFIER = NikitaZyuzin.AnotherWeather;
				PRODUCT_NAME = "$(TARGET_NAME)";
				SWIFT_EMIT_LOC_STRINGS = YES;
				SWIFT_VERSION = 5.0;
				TARGETED_DEVICE_FAMILY = "1,2";
			};
			name = Release;
		};
/* End XCBuildConfiguration section */

/* Begin XCConfigurationList section */
		DB80C6CD2764B58500F45866 /* Build configuration list for PBXProject "AnotherWeather" */ = {
			isa = XCConfigurationList;
			buildConfigurations = (
				DB80C6E42764B58600F45866 /* Debug */,
				DB80C6E52764B58600F45866 /* Release */,
			);
			defaultConfigurationIsVisible = 0;
			defaultConfigurationName = Release;
		};
		DB80C6E62764B58600F45866 /* Build configuration list for PBXNativeTarget "AnotherWeather" */ = {
			isa = XCConfigurationList;
			buildConfigurations = (
				DB80C6E72764B58600F45866 /* Debug */,
				DB80C6E82764B58600F45866 /* Release */,
			);
			defaultConfigurationIsVisible = 0;
			defaultConfigurationName = Release;
		};
/* End XCConfigurationList section */
	};
	rootObject = DB80C6CA2764B58500F45866 /* Project object */;
}
